
Microsoft Visual Studio Solution File, Format Version 12.00
# Visual Studio Version 16
VisualStudioVersion = 16.0.28922.388
MinimumVisualStudioVersion = 10.0.40219.1
Project("{FAE04EC0-301F-11D3-BF4B-00C04F79EFBC}") = "SeoAnalyserWebApp", "SeoAnalyserWebApp\SeoAnalyserWebApp.csproj", "{DFAE3360-F3E2-44AC-8955-A5E8545AECF9}"
EndProject
Project("{FAE04EC0-301F-11D3-BF4B-00C04F79EFBC}") = "SeoAnalyserWebAppTests", "SeoAnalyserWebAppTests\SeoAnalyserWebAppTests.csproj", "{0A409C62-DD15-400D-BA9A-064FF207FB20}"
EndProject
Global
	GlobalSection(SolutionConfigurationPlatforms) = preSolution
		Debug|Any CPU = Debug|Any CPU
		Release|Any CPU = Release|Any CPU
	EndGlobalSection
	GlobalSection(ProjectConfigurationPlatforms) = postSolution
		{DFAE3360-F3E2-44AC-8955-A5E8545AECF9}.Debug|Any CPU.ActiveCfg = Debug|Any CPU
		{DFAE3360-F3E2-44AC-8955-A5E8545AECF9}.Debug|Any CPU.Build.0 = Debug|Any CPU
		{DFAE3360-F3E2-44AC-8955-A5E8545AECF9}.Release|Any CPU.ActiveCfg = Release|Any CPU
		{DFAE3360-F3E2-44AC-8955-A5E8545AECF9}.Release|Any CPU.Build.0 = Release|Any CPU
		{0A409C62-DD15-400D-BA9A-064FF207FB20}.Debug|Any CPU.ActiveCfg = Debug|Any CPU
		{0A409C62-DD15-400D-BA9A-064FF207FB20}.Debug|Any CPU.Build.0 = Debug|Any CPU
		{0A409C62-DD15-400D-BA9A-064FF207FB20}.Release|Any CPU.ActiveCfg = Release|Any CPU
		{0A409C62-DD15-400D-BA9A-064FF207FB20}.Release|Any CPU.Build.0 = Release|Any CPU
	EndGlobalSection
	GlobalSection(SolutionProperties) = preSolution
		HideSolutionNode = FALSE
	EndGlobalSection
	GlobalSection(ExtensibilityGlobals) = postSolution
		SolutionGuid = {2DF661DD-B0C3-415F-A8B3-F25896EC6B6F}
	EndGlobalSection
EndGlobal
